
Microsoft Visual Studio Solution File, Format Version 11.00
# Visual Studio 2010
Project("{FAE04EC0-301F-11D3-BF4B-00C04F79EFBC}") = "ParallelVisualizer", "ParallelVisualizer\ParallelVisualizer.csproj", "{B431ED83-5722-4708-9CE9-B4FF5724F87E}"
EndProject
Global
	GlobalSection(SolutionConfigurationPlatforms) = preSolution
		Debug|x86 = Debug|x86
		Release|x86 = Release|x86
	EndGlobalSection
	GlobalSection(ProjectConfigurationPlatforms) = postSolution
		{B431ED83-5722-4708-9CE9-B4FF5724F87E}.Debug|x86.ActiveCfg = Debug|x86
		{B431ED83-5722-4708-9CE9-B4FF5724F87E}.Debug|x86.Build.0 = Debug|x86
		{B431ED83-5722-4708-9CE9-B4FF5724F87E}.Release|x86.ActiveCfg = Release|x86
		{B431ED83-5722-4708-9CE9-B4FF5724F87E}.Release|x86.Build.0 = Release|x86
	EndGlobalSection
	GlobalSection(MonoDevelopProperties) = preSolution
		StartupItem = ParallelVisualizer\ParallelVisualizer.csproj
		Policies = $0
		$0.StandardHeader = $1
		$1.inheritsSet = GPLv3License
	EndGlobalSection
EndGlobal
